
Microsoft Visual Studio Solution File, Format Version 12.00
# Visual Studio Version 16
VisualStudioVersion = 16.0.30114.105
MinimumVisualStudioVersion = 10.0.40219.1
Project("{FAE04EC0-301F-11D3-BF4B-00C04F79EFBC}") = "WritingFunctions", "WritingFunctions\WritingFunctions.csproj", "{90E2C2EF-96BC-45C7-8B12-596038DC8FA9}"
EndProject
Project("{FAE04EC0-301F-11D3-BF4B-00C04F79EFBC}") = "Debugging", "Debugging\Debugging.csproj", "{135D272B-AD17-432B-80F5-26A4ECE6DA8B}"
EndProject
Project("{FAE04EC0-301F-11D3-BF4B-00C04F79EFBC}") = "Instrumenting", "Instrumenting\Instrumenting.csproj", "{9A107B06-615C-4AA7-B85E-F03E79169940}"
EndProject
Global
	GlobalSection(SolutionConfigurationPlatforms) = preSolution
		Debug|Any CPU = Debug|Any CPU
		Release|Any CPU = Release|Any CPU
	EndGlobalSection
	GlobalSection(SolutionProperties) = preSolution
		HideSolutionNode = FALSE
	EndGlobalSection
	GlobalSection(ProjectConfigurationPlatforms) = postSolution
		{90E2C2EF-96BC-45C7-8B12-596038DC8FA9}.Debug|Any CPU.ActiveCfg = Debug|Any CPU
		{90E2C2EF-96BC-45C7-8B12-596038DC8FA9}.Debug|Any CPU.Build.0 = Debug|Any CPU
		{90E2C2EF-96BC-45C7-8B12-596038DC8FA9}.Release|Any CPU.ActiveCfg = Release|Any CPU
		{90E2C2EF-96BC-45C7-8B12-596038DC8FA9}.Release|Any CPU.Build.0 = Release|Any CPU
		{135D272B-AD17-432B-80F5-26A4ECE6DA8B}.Debug|Any CPU.ActiveCfg = Debug|Any CPU
		{135D272B-AD17-432B-80F5-26A4ECE6DA8B}.Debug|Any CPU.Build.0 = Debug|Any CPU
		{135D272B-AD17-432B-80F5-26A4ECE6DA8B}.Release|Any CPU.ActiveCfg = Release|Any CPU
		{135D272B-AD17-432B-80F5-26A4ECE6DA8B}.Release|Any CPU.Build.0 = Release|Any CPU
		{9A107B06-615C-4AA7-B85E-F03E79169940}.Debug|Any CPU.ActiveCfg = Debug|Any CPU
		{9A107B06-615C-4AA7-B85E-F03E79169940}.Debug|Any CPU.Build.0 = Debug|Any CPU
		{9A107B06-615C-4AA7-B85E-F03E79169940}.Release|Any CPU.ActiveCfg = Release|Any CPU
		{9A107B06-615C-4AA7-B85E-F03E79169940}.Release|Any CPU.Build.0 = Release|Any CPU
	EndGlobalSection
EndGlobal
